{
  "name": "@tyroneross/agent-doe-engine",
  "version": "0.2.0",
  "lockfileVersion": 3,
  "requires": true,
  "packages": {
    "": {
      "name": "@tyroneross/agent-doe-engine",
      "version": "0.2.0",
      "license": "Apache-2.0",
      "engines": {
        "node": ">=18.0.0",
        "python": ">=3.10"
      }
    }
  }
}
